
Microsoft Visual Studio Solution File, Format Version 12.00
# Visual Studio Version 16
VisualStudioVersion = 16.0.31624.102
MinimumVisualStudioVersion = 10.0.40219.1
Project("{FAE04EC0-301F-11D3-BF4B-00C04F79EFBC}") = "UygulamaOdev_31_01_22", "UygulamaOdev_31_01_22\UygulamaOdev_31_01_22.csproj", "{115EE6F1-4FD6-4C58-9989-C60446167A19}"
EndProject
Global
	GlobalSection(SolutionConfigurationPlatforms) = preSolution
		Debug|Any CPU = Debug|Any CPU
		Release|Any CPU = Release|Any CPU
	EndGlobalSection
	GlobalSection(ProjectConfigurationPlatforms) = postSolution
		{115EE6F1-4FD6-4C58-9989-C60446167A19}.Debug|Any CPU.ActiveCfg = Debug|Any CPU
		{115EE6F1-4FD6-4C58-9989-C60446167A19}.Debug|Any CPU.Build.0 = Debug|Any CPU
		{115EE6F1-4FD6-4C58-9989-C60446167A19}.Release|Any CPU.ActiveCfg = Release|Any CPU
		{115EE6F1-4FD6-4C58-9989-C60446167A19}.Release|Any CPU.Build.0 = Release|Any CPU
	EndGlobalSection
	GlobalSection(SolutionProperties) = preSolution
		HideSolutionNode = FALSE
	EndGlobalSection
	GlobalSection(ExtensibilityGlobals) = postSolution
		SolutionGuid = {91EB8D2B-163F-4BBC-A65C-A75135C1E5F7}
	EndGlobalSection
EndGlobal
